
Microsoft Visual Studio Solution File, Format Version 12.00
# Visual Studio Version 17
VisualStudioVersion = 17.2.32516.85
MinimumVisualStudioVersion = 10.0.40219.1
Project("{2150E333-8FDC-42A3-9474-1A3956D46DE8}") = "Solution Items", "Solution Items", "{0A80133E-B107-4043-8938-C294B61996A1}"
	ProjectSection(SolutionItems) = preProject
		.editorconfig = .editorconfig
	EndProjectSection
EndProject
Project("{FAE04EC0-301F-11D3-BF4B-00C04F79EFBC}") = "FullautoLauncher", "FullautoLauncher\FullautoLauncher.csproj", "{F485DD15-9EDF-42C3-A31B-66AE0DFB7356}"
EndProject
Project("{FAE04EC0-301F-11D3-BF4B-00C04F79EFBC}") = "CustomMuzzleFlash", "CustomMuzzleFlash\CustomMuzzleFlash.csproj", "{6B763422-D3CD-4136-9C64-E3D34B7A1FA8}"
EndProject
Project("{FAE04EC0-301F-11D3-BF4B-00C04F79EFBC}") = "RandomMainmenuBackground", "RandomMainmenuBackground\RandomMainmenuBackground.csproj", "{464ECF56-5E7D-40B8-B732-2639AE6A3041}"
EndProject
Project("{FAE04EC0-301F-11D3-BF4B-00C04F79EFBC}") = "RandomMainmenuBGM", "RandomMainmenuBGM\RandomMainmenuBGM.csproj", "{9310A157-7796-4562-AE50-7554004BF894}"
EndProject
Project("{FAE04EC0-301F-11D3-BF4B-00C04F79EFBC}") = "CustomParticleLoaderMultiExplosion", "CustomParticleLoaderMultiExplosion\CustomParticleLoaderMultiExplosion.csproj", "{5B83D652-8ED5-4D6F-B70B-5CFE31B1F0E6}"
EndProject
Project("{FAE04EC0-301F-11D3-BF4B-00C04F79EFBC}") = "CustomParticleLoaderSpawnEntity", "CustomParticleLoaderSpawnEntity\CustomParticleLoaderSpawnEntity.csproj", "{A32EC5A2-CB20-4A84-B98D-DCE23EC328AA}"
EndProject
Project("{FAE04EC0-301F-11D3-BF4B-00C04F79EFBC}") = "KFCommonUtilityLib", "0-KFCommonUtilityLib\KFCommonUtilityLib.csproj", "{1A3E0DEF-D290-4D3E-BC2D-1B66AB174F47}"
EndProject
Project("{FAE04EC0-301F-11D3-BF4B-00C04F79EFBC}") = "VehicleWeapon", "VehicleWeapon\VehicleWeapon.csproj", "{1C8B7EDE-9F45-4043-84B4-0544D0C0A633}"
EndProject
Project("{FAE04EC0-301F-11D3-BF4B-00C04F79EFBC}") = "CustomParticleLoader", "0-CustomParticleLoader\CustomParticleLoader.csproj", "{12A59F51-6655-49D7-BE95-F3E86A173979}"
EndProject
Project("{FAE04EC0-301F-11D3-BF4B-00C04F79EFBC}") = "RandomPerk", "RandomPerk\RandomPerk.csproj", "{F195BF00-A88E-4DCF-B792-6B8DD1284B01}"
EndProject
Project("{FAE04EC0-301F-11D3-BF4B-00C04F79EFBC}") = "ZZRandomPerkUIPatch", "ZZRandomPerkUIPatch\ZZRandomPerkUIPatch.csproj", "{EA4F2E51-B964-4902-98BB-5D790511764C}"
EndProject
Project("{FAE04EC0-301F-11D3-BF4B-00C04F79EFBC}") = "CustomPlayerActionManagerSMXPatch", "ZZCustomPlayerActionManagerSMXPatch\CustomPlayerActionManagerSMXPatch.csproj", "{E348C472-910F-4E1A-967B-6E32CAF1F19A}"
EndProject
Project("{FAE04EC0-301F-11D3-BF4B-00C04F79EFBC}") = "ParticleScriptTestPatch", "ParticleScriptTest\ParticleScriptTestPatch.csproj", "{7B1CC7B2-9F2A-4C60-AB92-F62B7582AA79}"
EndProject
Project("{FAE04EC0-301F-11D3-BF4B-00C04F79EFBC}") = "CustomParticleLoaderBuffArea", "CustomParticleLoaderBuffArea\CustomParticleLoaderBuffArea.csproj", "{45B5D237-91FF-418C-A479-EED4CD39B477}"
EndProject
Project("{FAE04EC0-301F-11D3-BF4B-00C04F79EFBC}") = "FullautoLauncherAnimationRiggingCompatibilityPatch", "FullautoLauncherAnimationRiggingCompatibilityPatch\FullautoLauncherAnimationRiggingCompatibilityPatch.csproj", "{4838E38C-231B-44A0-BFCA-8610B66B5A12}"
EndProject
Project("{FAE04EC0-301F-11D3-BF4B-00C04F79EFBC}") = "SMXMultiActionCompatibilityPatch", "SMXMultiActionCompatibilityPatch\SMXMultiActionCompatibilityPatch.csproj", "{0FAF279D-CFDD-451F-8522-D2FA7D966141}"
EndProject
Project("{FAE04EC0-301F-11D3-BF4B-00C04F79EFBC}") = "VoicePackFramework", "VoicePackFramework\VoicePackFramework.csproj", "{9482F4C6-ABCA-4E07-B9EA-E60F6B748C94}"
EndProject
Project("{FAE04EC0-301F-11D3-BF4B-00C04F79EFBC}") = "BetterModCompatibility", "BetterModCompatibility\BetterModCompatibility.csproj", "{D0A3FCD5-AAEF-4A58-B474-7B9E889DE1EB}"
EndProject
Project("{FAE04EC0-301F-11D3-BF4B-00C04F79EFBC}") = "GearsSettingsSave", "GearsSettingsSave\GearsSettingsSave.csproj", "{8B499D72-5499-4EC2-A421-751D4BBEC61B}"
EndProject
Project("{FAE04EC0-301F-11D3-BF4B-00C04F79EFBC}") = "CustomFPVFov", "CustomFPVFov\CustomFPVFov.csproj", "{C3C43049-CF91-4D5F-AF7C-24D49437B534}"
EndProject
Project("{FAE04EC0-301F-11D3-BF4B-00C04F79EFBC}") = "QuartzUIPatch", "QuartzUIPatch\QuartzUIPatch.csproj", "{7718334C-EA80-4A44-915C-3B58743F0083}"
EndProject
Project("{FAE04EC0-301F-11D3-BF4B-00C04F79EFBC}") = "FPVLegs", "FPVLegs\FPVLegs.csproj", "{9C7DDEF9-92FC-483C-B2F5-8A7EEEAB56E1}"
EndProject
Project("{FAE04EC0-301F-11D3-BF4B-00C04F79EFBC}") = "KeepReloading", "KeepReloading\KeepReloading.csproj", "{D8B0F818-E8C5-476A-B156-80C80E2E33F0}"
EndProject
Project("{FAE04EC0-301F-11D3-BF4B-00C04F79EFBC}") = "NoHentai", "NoHentai\NoHentai.csproj", "{8FCC00B5-B516-4B09-A857-381F658CDED0}"
EndProject
Project("{FAE04EC0-301F-11D3-BF4B-00C04F79EFBC}") = "TrueNoRotation", "TrueNoRotation\TrueNoRotation.csproj", "{46F00AA3-0913-4C0A-8594-24A8B777FD49}"
EndProject
Project("{FAE04EC0-301F-11D3-BF4B-00C04F79EFBC}") = "MultiBlockLayerFix", "MultiBlockLayerFix\MultiBlockLayerFix.csproj", "{B26E8179-4D5E-48EC-9DB2-C24CE035A570}"
EndProject
Project("{FAE04EC0-301F-11D3-BF4B-00C04F79EFBC}") = "GearsSavingPatch", "GearsSavingPatch\GearsSavingPatch.csproj", "{2D11EB35-A19C-471A-A53E-423125DB3818}"
EndProject
Project("{FAE04EC0-301F-11D3-BF4B-00C04F79EFBC}") = "AllowComboKeys", "AllowComboKeys\AllowComboKeys.csproj", "{3DB91AEA-D99F-476F-AE44-501FD306CC48}"
EndProject
Project("{FAE04EC0-301F-11D3-BF4B-00C04F79EFBC}") = "CustomPlayerActionManager", "0-CustomPlayerActionManager\CustomPlayerActionManager.csproj", "{A32D3424-8454-4B87-9554-AB0734819328}"
EndProject
Project("{FAE04EC0-301F-11D3-BF4B-00C04F79EFBC}") = "DebugMod", "DebugMod\DebugMod.csproj", "{A75DE6E6-E102-4326-A403-6DA3B0CCDA83}"
EndProject
Project("{FAE04EC0-301F-11D3-BF4B-00C04F79EFBC}") = "RainstormPatches", "RainstormPatches\RainstormPatches.csproj", "{0D8325FF-0F07-4E0A-8019-EC0ED111E3EA}"
EndProject
Global
	GlobalSection(SolutionConfigurationPlatforms) = preSolution
		Debug|Any CPU = Debug|Any CPU
		Release|Any CPU = Release|Any CPU
	EndGlobalSection
	GlobalSection(ProjectConfigurationPlatforms) = postSolution
		{F485DD15-9EDF-42C3-A31B-66AE0DFB7356}.Debug|Any CPU.ActiveCfg = Debug|Any CPU
		{F485DD15-9EDF-42C3-A31B-66AE0DFB7356}.Debug|Any CPU.Build.0 = Debug|Any CPU
		{F485DD15-9EDF-42C3-A31B-66AE0DFB7356}.Release|Any CPU.ActiveCfg = Release|Any CPU
		{F485DD15-9EDF-42C3-A31B-66AE0DFB7356}.Release|Any CPU.Build.0 = Release|Any CPU
		{6B763422-D3CD-4136-9C64-E3D34B7A1FA8}.Debug|Any CPU.ActiveCfg = Debug|Any CPU
		{6B763422-D3CD-4136-9C64-E3D34B7A1FA8}.Debug|Any CPU.Build.0 = Debug|Any CPU
		{6B763422-D3CD-4136-9C64-E3D34B7A1FA8}.Release|Any CPU.ActiveCfg = Release|Any CPU
		{6B763422-D3CD-4136-9C64-E3D34B7A1FA8}.Release|Any CPU.Build.0 = Release|Any CPU
		{464ECF56-5E7D-40B8-B732-2639AE6A3041}.Debug|Any CPU.ActiveCfg = Debug|Any CPU
		{464ECF56-5E7D-40B8-B732-2639AE6A3041}.Debug|Any CPU.Build.0 = Debug|Any CPU
		{464ECF56-5E7D-40B8-B732-2639AE6A3041}.Release|Any CPU.ActiveCfg = Release|Any CPU
		{464ECF56-5E7D-40B8-B732-2639AE6A3041}.Release|Any CPU.Build.0 = Release|Any CPU
		{9310A157-7796-4562-AE50-7554004BF894}.Debug|Any CPU.ActiveCfg = Debug|Any CPU
		{9310A157-7796-4562-AE50-7554004BF894}.Debug|Any CPU.Build.0 = Debug|Any CPU
		{9310A157-7796-4562-AE50-7554004BF894}.Release|Any CPU.ActiveCfg = Release|Any CPU
		{9310A157-7796-4562-AE50-7554004BF894}.Release|Any CPU.Build.0 = Release|Any CPU
		{5B83D652-8ED5-4D6F-B70B-5CFE31B1F0E6}.Debug|Any CPU.ActiveCfg = Debug|Any CPU
		{5B83D652-8ED5-4D6F-B70B-5CFE31B1F0E6}.Debug|Any CPU.Build.0 = Debug|Any CPU
		{5B83D652-8ED5-4D6F-B70B-5CFE31B1F0E6}.Release|Any CPU.ActiveCfg = Release|Any CPU
		{5B83D652-8ED5-4D6F-B70B-5CFE31B1F0E6}.Release|Any CPU.Build.0 = Release|Any CPU
		{A32EC5A2-CB20-4A84-B98D-DCE23EC328AA}.Debug|Any CPU.ActiveCfg = Debug|Any CPU
		{A32EC5A2-CB20-4A84-B98D-DCE23EC328AA}.Debug|Any CPU.Build.0 = Debug|Any CPU
		{A32EC5A2-CB20-4A84-B98D-DCE23EC328AA}.Release|Any CPU.ActiveCfg = Release|Any CPU
		{A32EC5A2-CB20-4A84-B98D-DCE23EC328AA}.Release|Any CPU.Build.0 = Release|Any CPU
		{1A3E0DEF-D290-4D3E-BC2D-1B66AB174F47}.Debug|Any CPU.ActiveCfg = Debug|Any CPU
		{1A3E0DEF-D290-4D3E-BC2D-1B66AB174F47}.Debug|Any CPU.Build.0 = Debug|Any CPU
		{1A3E0DEF-D290-4D3E-BC2D-1B66AB174F47}.Release|Any CPU.ActiveCfg = Release|Any CPU
		{1A3E0DEF-D290-4D3E-BC2D-1B66AB174F47}.Release|Any CPU.Build.0 = Release|Any CPU
		{1C8B7EDE-9F45-4043-84B4-0544D0C0A633}.Debug|Any CPU.ActiveCfg = Debug|Any CPU
		{1C8B7EDE-9F45-4043-84B4-0544D0C0A633}.Debug|Any CPU.Build.0 = Debug|Any CPU
		{1C8B7EDE-9F45-4043-84B4-0544D0C0A633}.Release|Any CPU.ActiveCfg = Release|Any CPU
		{1C8B7EDE-9F45-4043-84B4-0544D0C0A633}.Release|Any CPU.Build.0 = Release|Any CPU
		{12A59F51-6655-49D7-BE95-F3E86A173979}.Debug|Any CPU.ActiveCfg = Debug|Any CPU
		{12A59F51-6655-49D7-BE95-F3E86A173979}.Debug|Any CPU.Build.0 = Debug|Any CPU
		{12A59F51-6655-49D7-BE95-F3E86A173979}.Release|Any CPU.ActiveCfg = Release|Any CPU
		{12A59F51-6655-49D7-BE95-F3E86A173979}.Release|Any CPU.Build.0 = Release|Any CPU
		{F195BF00-A88E-4DCF-B792-6B8DD1284B01}.Debug|Any CPU.ActiveCfg = Debug|Any CPU
		{F195BF00-A88E-4DCF-B792-6B8DD1284B01}.Debug|Any CPU.Build.0 = Debug|Any CPU
		{F195BF00-A88E-4DCF-B792-6B8DD1284B01}.Release|Any CPU.ActiveCfg = Release|Any CPU
		{F195BF00-A88E-4DCF-B792-6B8DD1284B01}.Release|Any CPU.Build.0 = Release|Any CPU
		{EA4F2E51-B964-4902-98BB-5D790511764C}.Debug|Any CPU.ActiveCfg = Debug|Any CPU
		{EA4F2E51-B964-4902-98BB-5D790511764C}.Debug|Any CPU.Build.0 = Debug|Any CPU
		{EA4F2E51-B964-4902-98BB-5D790511764C}.Release|Any CPU.ActiveCfg = Release|Any CPU
		{EA4F2E51-B964-4902-98BB-5D790511764C}.Release|Any CPU.Build.0 = Release|Any CPU
		{E348C472-910F-4E1A-967B-6E32CAF1F19A}.Debug|Any CPU.ActiveCfg = Debug|Any CPU
		{E348C472-910F-4E1A-967B-6E32CAF1F19A}.Debug|Any CPU.Build.0 = Debug|Any CPU
		{E348C472-910F-4E1A-967B-6E32CAF1F19A}.Release|Any CPU.ActiveCfg = Release|Any CPU
		{E348C472-910F-4E1A-967B-6E32CAF1F19A}.Release|Any CPU.Build.0 = Release|Any CPU
		{7B1CC7B2-9F2A-4C60-AB92-F62B7582AA79}.Debug|Any CPU.ActiveCfg = Debug|Any CPU
		{7B1CC7B2-9F2A-4C60-AB92-F62B7582AA79}.Debug|Any CPU.Build.0 = Debug|Any CPU
		{7B1CC7B2-9F2A-4C60-AB92-F62B7582AA79}.Release|Any CPU.ActiveCfg = Release|Any CPU
		{7B1CC7B2-9F2A-4C60-AB92-F62B7582AA79}.Release|Any CPU.Build.0 = Release|Any CPU
		{45B5D237-91FF-418C-A479-EED4CD39B477}.Debug|Any CPU.ActiveCfg = Debug|Any CPU
		{45B5D237-91FF-418C-A479-EED4CD39B477}.Debug|Any CPU.Build.0 = Debug|Any CPU
		{45B5D237-91FF-418C-A479-EED4CD39B477}.Release|Any CPU.ActiveCfg = Release|Any CPU
		{45B5D237-91FF-418C-A479-EED4CD39B477}.Release|Any CPU.Build.0 = Release|Any CPU
		{4838E38C-231B-44A0-BFCA-8610B66B5A12}.Debug|Any CPU.ActiveCfg = Debug|Any CPU
		{4838E38C-231B-44A0-BFCA-8610B66B5A12}.Debug|Any CPU.Build.0 = Debug|Any CPU
		{4838E38C-231B-44A0-BFCA-8610B66B5A12}.Release|Any CPU.ActiveCfg = Release|Any CPU
		{4838E38C-231B-44A0-BFCA-8610B66B5A12}.Release|Any CPU.Build.0 = Release|Any CPU
		{0FAF279D-CFDD-451F-8522-D2FA7D966141}.Debug|Any CPU.ActiveCfg = Debug|Any CPU
		{0FAF279D-CFDD-451F-8522-D2FA7D966141}.Debug|Any CPU.Build.0 = Debug|Any CPU
		{0FAF279D-CFDD-451F-8522-D2FA7D966141}.Release|Any CPU.ActiveCfg = Release|Any CPU
		{0FAF279D-CFDD-451F-8522-D2FA7D966141}.Release|Any CPU.Build.0 = Release|Any CPU
		{9482F4C6-ABCA-4E07-B9EA-E60F6B748C94}.Debug|Any CPU.ActiveCfg = Debug|Any CPU
		{9482F4C6-ABCA-4E07-B9EA-E60F6B748C94}.Debug|Any CPU.Build.0 = Debug|Any CPU
		{9482F4C6-ABCA-4E07-B9EA-E60F6B748C94}.Release|Any CPU.ActiveCfg = Release|Any CPU
		{9482F4C6-ABCA-4E07-B9EA-E60F6B748C94}.Release|Any CPU.Build.0 = Release|Any CPU
		{D0A3FCD5-AAEF-4A58-B474-7B9E889DE1EB}.Debug|Any CPU.ActiveCfg = Debug|Any CPU
		{D0A3FCD5-AAEF-4A58-B474-7B9E889DE1EB}.Debug|Any CPU.Build.0 = Debug|Any CPU
		{D0A3FCD5-AAEF-4A58-B474-7B9E889DE1EB}.Release|Any CPU.ActiveCfg = Release|Any CPU
		{D0A3FCD5-AAEF-4A58-B474-7B9E889DE1EB}.Release|Any CPU.Build.0 = Release|Any CPU
		{8B499D72-5499-4EC2-A421-751D4BBEC61B}.Debug|Any CPU.ActiveCfg = Debug|Any CPU
		{8B499D72-5499-4EC2-A421-751D4BBEC61B}.Debug|Any CPU.Build.0 = Debug|Any CPU
		{8B499D72-5499-4EC2-A421-751D4BBEC61B}.Release|Any CPU.ActiveCfg = Release|Any CPU
		{8B499D72-5499-4EC2-A421-751D4BBEC61B}.Release|Any CPU.Build.0 = Release|Any CPU
		{C3C43049-CF91-4D5F-AF7C-24D49437B534}.Debug|Any CPU.ActiveCfg = Debug|Any CPU
		{C3C43049-CF91-4D5F-AF7C-24D49437B534}.Debug|Any CPU.Build.0 = Debug|Any CPU
		{C3C43049-CF91-4D5F-AF7C-24D49437B534}.Release|Any CPU.ActiveCfg = Release|Any CPU
		{C3C43049-CF91-4D5F-AF7C-24D49437B534}.Release|Any CPU.Build.0 = Release|Any CPU
		{7718334C-EA80-4A44-915C-3B58743F0083}.Debug|Any CPU.ActiveCfg = Debug|Any CPU
		{7718334C-EA80-4A44-915C-3B58743F0083}.Debug|Any CPU.Build.0 = Debug|Any CPU
		{7718334C-EA80-4A44-915C-3B58743F0083}.Release|Any CPU.ActiveCfg = Release|Any CPU
		{7718334C-EA80-4A44-915C-3B58743F0083}.Release|Any CPU.Build.0 = Release|Any CPU
		{9C7DDEF9-92FC-483C-B2F5-8A7EEEAB56E1}.Debug|Any CPU.ActiveCfg = Debug|Any CPU
		{9C7DDEF9-92FC-483C-B2F5-8A7EEEAB56E1}.Debug|Any CPU.Build.0 = Debug|Any CPU
		{9C7DDEF9-92FC-483C-B2F5-8A7EEEAB56E1}.Release|Any CPU.ActiveCfg = Release|Any CPU
		{9C7DDEF9-92FC-483C-B2F5-8A7EEEAB56E1}.Release|Any CPU.Build.0 = Release|Any CPU
		{D8B0F818-E8C5-476A-B156-80C80E2E33F0}.Debug|Any CPU.ActiveCfg = Debug|Any CPU
		{D8B0F818-E8C5-476A-B156-80C80E2E33F0}.Debug|Any CPU.Build.0 = Debug|Any CPU
		{D8B0F818-E8C5-476A-B156-80C80E2E33F0}.Release|Any CPU.ActiveCfg = Release|Any CPU
		{D8B0F818-E8C5-476A-B156-80C80E2E33F0}.Release|Any CPU.Build.0 = Release|Any CPU
		{8FCC00B5-B516-4B09-A857-381F658CDED0}.Debug|Any CPU.ActiveCfg = Debug|Any CPU
		{8FCC00B5-B516-4B09-A857-381F658CDED0}.Debug|Any CPU.Build.0 = Debug|Any CPU
		{8FCC00B5-B516-4B09-A857-381F658CDED0}.Release|Any CPU.ActiveCfg = Release|Any CPU
		{8FCC00B5-B516-4B09-A857-381F658CDED0}.Release|Any CPU.Build.0 = Release|Any CPU
		{46F00AA3-0913-4C0A-8594-24A8B777FD49}.Debug|Any CPU.ActiveCfg = Debug|Any CPU
		{46F00AA3-0913-4C0A-8594-24A8B777FD49}.Debug|Any CPU.Build.0 = Debug|Any CPU
		{46F00AA3-0913-4C0A-8594-24A8B777FD49}.Release|Any CPU.ActiveCfg = Release|Any CPU
		{46F00AA3-0913-4C0A-8594-24A8B777FD49}.Release|Any CPU.Build.0 = Release|Any CPU
		{B26E8179-4D5E-48EC-9DB2-C24CE035A570}.Debug|Any CPU.ActiveCfg = Debug|Any CPU
		{B26E8179-4D5E-48EC-9DB2-C24CE035A570}.Debug|Any CPU.Build.0 = Debug|Any CPU
		{B26E8179-4D5E-48EC-9DB2-C24CE035A570}.Release|Any CPU.ActiveCfg = Release|Any CPU
		{B26E8179-4D5E-48EC-9DB2-C24CE035A570}.Release|Any CPU.Build.0 = Release|Any CPU
		{2D11EB35-A19C-471A-A53E-423125DB3818}.Debug|Any CPU.ActiveCfg = Debug|Any CPU
		{2D11EB35-A19C-471A-A53E-423125DB3818}.Debug|Any CPU.Build.0 = Debug|Any CPU
		{2D11EB35-A19C-471A-A53E-423125DB3818}.Release|Any CPU.ActiveCfg = Release|Any CPU
		{2D11EB35-A19C-471A-A53E-423125DB3818}.Release|Any CPU.Build.0 = Release|Any CPU
		{3DB91AEA-D99F-476F-AE44-501FD306CC48}.Debug|Any CPU.ActiveCfg = Debug|Any CPU
		{3DB91AEA-D99F-476F-AE44-501FD306CC48}.Debug|Any CPU.Build.0 = Debug|Any CPU
		{3DB91AEA-D99F-476F-AE44-501FD306CC48}.Release|Any CPU.ActiveCfg = Release|Any CPU
		{3DB91AEA-D99F-476F-AE44-501FD306CC48}.Release|Any CPU.Build.0 = Release|Any CPU
		{A32D3424-8454-4B87-9554-AB0734819328}.Debug|Any CPU.ActiveCfg = Debug|Any CPU
		{A32D3424-8454-4B87-9554-AB0734819328}.Debug|Any CPU.Build.0 = Debug|Any CPU
		{A32D3424-8454-4B87-9554-AB0734819328}.Release|Any CPU.ActiveCfg = Release|Any CPU
		{A32D3424-8454-4B87-9554-AB0734819328}.Release|Any CPU.Build.0 = Release|Any CPU
		{A75DE6E6-E102-4326-A403-6DA3B0CCDA83}.Debug|Any CPU.ActiveCfg = Debug|Any CPU
		{A75DE6E6-E102-4326-A403-6DA3B0CCDA83}.Debug|Any CPU.Build.0 = Debug|Any CPU
		{A75DE6E6-E102-4326-A403-6DA3B0CCDA83}.Release|Any CPU.ActiveCfg = Release|Any CPU
		{A75DE6E6-E102-4326-A403-6DA3B0CCDA83}.Release|Any CPU.Build.0 = Release|Any CPU
		{0D8325FF-0F07-4E0A-8019-EC0ED111E3EA}.Debug|Any CPU.ActiveCfg = Debug|Any CPU
		{0D8325FF-0F07-4E0A-8019-EC0ED111E3EA}.Debug|Any CPU.Build.0 = Debug|Any CPU
		{0D8325FF-0F07-4E0A-8019-EC0ED111E3EA}.Release|Any CPU.ActiveCfg = Release|Any CPU
		{0D8325FF-0F07-4E0A-8019-EC0ED111E3EA}.Release|Any CPU.Build.0 = Release|Any CPU
	EndGlobalSection
	GlobalSection(SolutionProperties) = preSolution
		HideSolutionNode = FALSE
	EndGlobalSection
	GlobalSection(ExtensibilityGlobals) = postSolution
		SolutionGuid = {4EADF117-D5F4-445A-AEF2-1C8280F76974}
	EndGlobalSection
EndGlobal
