
Microsoft Visual Studio Solution File, Format Version 12.00
# Visual Studio Version 17
VisualStudioVersion = 17.2.32516.85
MinimumVisualStudioVersion = 10.0.40219.1
Project("{2150E333-8FDC-42A3-9474-1A3956D46DE8}") = "Solution Items", "Solution Items", "{0A80133E-B107-4043-8938-C294B61996A1}"
	ProjectSection(SolutionItems) = preProject
		.editorconfig = .editorconfig
	EndProjectSection
EndProject
Project("{FAE04EC0-301F-11D3-BF4B-00C04F79EFBC}") = "ParticleScriptTestPatch", "ParticleScriptTest\ParticleScriptTestPatch.csproj", "{7B1CC7B2-9F2A-4C60-AB92-F62B7582AA79}"
EndProject
Project("{FAE04EC0-301F-11D3-BF4B-00C04F79EFBC}") = "FullautoLauncher", "FullautoLauncher\FullautoLauncher.csproj", "{F485DD15-9EDF-42C3-A31B-66AE0DFB7356}"
EndProject
Project("{FAE04EC0-301F-11D3-BF4B-00C04F79EFBC}") = "CustomMuzzleFlash", "CustomMuzzleFlash\CustomMuzzleFlash.csproj", "{6B763422-D3CD-4136-9C64-E3D34B7A1FA8}"
EndProject
Project("{FAE04EC0-301F-11D3-BF4B-00C04F79EFBC}") = "RandomMainmenuBackground", "RandomMainmenuBackground\RandomMainmenuBackground.csproj", "{464ECF56-5E7D-40B8-B732-2639AE6A3041}"
EndProject
Project("{FAE04EC0-301F-11D3-BF4B-00C04F79EFBC}") = "RandomMainmenuBGM", "RandomMainmenuBGM\RandomMainmenuBGM.csproj", "{9310A157-7796-4562-AE50-7554004BF894}"
EndProject
Project("{FAE04EC0-301F-11D3-BF4B-00C04F79EFBC}") = "CustomParticleLoaderMultiExplosion", "CustomParticleLoaderMultiExplosion\CustomParticleLoaderMultiExplosion.csproj", "{5B83D652-8ED5-4D6F-B70B-5CFE31B1F0E6}"
EndProject
Project("{FAE04EC0-301F-11D3-BF4B-00C04F79EFBC}") = "CustomParticleLoaderSpawnEntity", "CustomParticleLoaderSpawnEntity\CustomParticleLoaderSpawnEntity.csproj", "{A32EC5A2-CB20-4A84-B98D-DCE23EC328AA}"
EndProject
Project("{FAE04EC0-301F-11D3-BF4B-00C04F79EFBC}") = "KFCommonUtilityLib", "0-KFCommonUtilityLib\KFCommonUtilityLib.csproj", "{1A3E0DEF-D290-4D3E-BC2D-1B66AB174F47}"
EndProject
Project("{FAE04EC0-301F-11D3-BF4B-00C04F79EFBC}") = "VehicleWeapon", "VehicleWeapon\VehicleWeapon.csproj", "{1C8B7EDE-9F45-4043-84B4-0544D0C0A633}"
EndProject
Project("{FAE04EC0-301F-11D3-BF4B-00C04F79EFBC}") = "CustomPlayerActionManager", "CustomPlayerActionManager\CustomPlayerActionManager.csproj", "{A32D3424-8454-4B87-9554-AB0734819328}"
EndProject
Project("{FAE04EC0-301F-11D3-BF4B-00C04F79EFBC}") = "CustomParticleLoader", "0-CustomParticleLoader\CustomParticleLoader.csproj", "{12A59F51-6655-49D7-BE95-F3E86A173979}"
EndProject
Project("{FAE04EC0-301F-11D3-BF4B-00C04F79EFBC}") = "RandomPerk", "RandomPerk\RandomPerk.csproj", "{F195BF00-A88E-4DCF-B792-6B8DD1284B01}"
EndProject
Project("{FAE04EC0-301F-11D3-BF4B-00C04F79EFBC}") = "ZZRandomPerkUIPatch", "ZZRandomPerkUIPatch\ZZRandomPerkUIPatch.csproj", "{EA4F2E51-B964-4902-98BB-5D790511764C}"
EndProject
Project("{FAE04EC0-301F-11D3-BF4B-00C04F79EFBC}") = "FireManager", "FireManager\FireManager.csproj", "{863BABF0-F364-43AC-BB44-07D190AA911E}"
EndProject
Project("{FAE04EC0-301F-11D3-BF4B-00C04F79EFBC}") = "AIOptimization", "AIOptimization\AIOptimization.csproj", "{B12C330F-0945-4774-A7F6-D290C02AF662}"
EndProject
Project("{FAE04EC0-301F-11D3-BF4B-00C04F79EFBC}") = "NetConnectionSimpleLockfree", "NetConnectionSimpleLockfree\NetConnectionSimpleLockfree.csproj", "{2953EDAB-AC10-4292-B90C-8D7BBFA7F56F}"
EndProject
Global
	GlobalSection(SolutionConfigurationPlatforms) = preSolution
		Debug|Any CPU = Debug|Any CPU
		Release|Any CPU = Release|Any CPU
	EndGlobalSection
	GlobalSection(ProjectConfigurationPlatforms) = postSolution
		{7B1CC7B2-9F2A-4C60-AB92-F62B7582AA79}.Debug|Any CPU.ActiveCfg = Debug|Any CPU
		{7B1CC7B2-9F2A-4C60-AB92-F62B7582AA79}.Debug|Any CPU.Build.0 = Debug|Any CPU
		{7B1CC7B2-9F2A-4C60-AB92-F62B7582AA79}.Release|Any CPU.ActiveCfg = Release|Any CPU
		{7B1CC7B2-9F2A-4C60-AB92-F62B7582AA79}.Release|Any CPU.Build.0 = Release|Any CPU
		{F485DD15-9EDF-42C3-A31B-66AE0DFB7356}.Debug|Any CPU.ActiveCfg = Debug|Any CPU
		{F485DD15-9EDF-42C3-A31B-66AE0DFB7356}.Debug|Any CPU.Build.0 = Debug|Any CPU
		{F485DD15-9EDF-42C3-A31B-66AE0DFB7356}.Release|Any CPU.ActiveCfg = Release|Any CPU
		{F485DD15-9EDF-42C3-A31B-66AE0DFB7356}.Release|Any CPU.Build.0 = Release|Any CPU
		{6B763422-D3CD-4136-9C64-E3D34B7A1FA8}.Debug|Any CPU.ActiveCfg = Debug|Any CPU
		{6B763422-D3CD-4136-9C64-E3D34B7A1FA8}.Debug|Any CPU.Build.0 = Debug|Any CPU
		{6B763422-D3CD-4136-9C64-E3D34B7A1FA8}.Release|Any CPU.ActiveCfg = Release|Any CPU
		{6B763422-D3CD-4136-9C64-E3D34B7A1FA8}.Release|Any CPU.Build.0 = Release|Any CPU
		{464ECF56-5E7D-40B8-B732-2639AE6A3041}.Debug|Any CPU.ActiveCfg = Debug|Any CPU
		{464ECF56-5E7D-40B8-B732-2639AE6A3041}.Debug|Any CPU.Build.0 = Debug|Any CPU
		{464ECF56-5E7D-40B8-B732-2639AE6A3041}.Release|Any CPU.ActiveCfg = Release|Any CPU
		{464ECF56-5E7D-40B8-B732-2639AE6A3041}.Release|Any CPU.Build.0 = Release|Any CPU
		{9310A157-7796-4562-AE50-7554004BF894}.Debug|Any CPU.ActiveCfg = Debug|Any CPU
		{9310A157-7796-4562-AE50-7554004BF894}.Debug|Any CPU.Build.0 = Debug|Any CPU
		{9310A157-7796-4562-AE50-7554004BF894}.Release|Any CPU.ActiveCfg = Release|Any CPU
		{9310A157-7796-4562-AE50-7554004BF894}.Release|Any CPU.Build.0 = Release|Any CPU
		{5B83D652-8ED5-4D6F-B70B-5CFE31B1F0E6}.Debug|Any CPU.ActiveCfg = Debug|Any CPU
		{5B83D652-8ED5-4D6F-B70B-5CFE31B1F0E6}.Debug|Any CPU.Build.0 = Debug|Any CPU
		{5B83D652-8ED5-4D6F-B70B-5CFE31B1F0E6}.Release|Any CPU.ActiveCfg = Release|Any CPU
		{5B83D652-8ED5-4D6F-B70B-5CFE31B1F0E6}.Release|Any CPU.Build.0 = Release|Any CPU
		{A32EC5A2-CB20-4A84-B98D-DCE23EC328AA}.Debug|Any CPU.ActiveCfg = Debug|Any CPU
		{A32EC5A2-CB20-4A84-B98D-DCE23EC328AA}.Debug|Any CPU.Build.0 = Debug|Any CPU
		{A32EC5A2-CB20-4A84-B98D-DCE23EC328AA}.Release|Any CPU.ActiveCfg = Release|Any CPU
		{A32EC5A2-CB20-4A84-B98D-DCE23EC328AA}.Release|Any CPU.Build.0 = Release|Any CPU
		{1A3E0DEF-D290-4D3E-BC2D-1B66AB174F47}.Debug|Any CPU.ActiveCfg = Debug|Any CPU
		{1A3E0DEF-D290-4D3E-BC2D-1B66AB174F47}.Debug|Any CPU.Build.0 = Debug|Any CPU
		{1A3E0DEF-D290-4D3E-BC2D-1B66AB174F47}.Release|Any CPU.ActiveCfg = Release|Any CPU
		{1A3E0DEF-D290-4D3E-BC2D-1B66AB174F47}.Release|Any CPU.Build.0 = Release|Any CPU
		{1C8B7EDE-9F45-4043-84B4-0544D0C0A633}.Debug|Any CPU.ActiveCfg = Debug|Any CPU
		{1C8B7EDE-9F45-4043-84B4-0544D0C0A633}.Debug|Any CPU.Build.0 = Debug|Any CPU
		{1C8B7EDE-9F45-4043-84B4-0544D0C0A633}.Release|Any CPU.ActiveCfg = Release|Any CPU
		{1C8B7EDE-9F45-4043-84B4-0544D0C0A633}.Release|Any CPU.Build.0 = Release|Any CPU
		{A32D3424-8454-4B87-9554-AB0734819328}.Debug|Any CPU.ActiveCfg = Debug|Any CPU
		{A32D3424-8454-4B87-9554-AB0734819328}.Debug|Any CPU.Build.0 = Debug|Any CPU
		{A32D3424-8454-4B87-9554-AB0734819328}.Release|Any CPU.ActiveCfg = Release|Any CPU
		{A32D3424-8454-4B87-9554-AB0734819328}.Release|Any CPU.Build.0 = Release|Any CPU
		{12A59F51-6655-49D7-BE95-F3E86A173979}.Debug|Any CPU.ActiveCfg = Debug|Any CPU
		{12A59F51-6655-49D7-BE95-F3E86A173979}.Debug|Any CPU.Build.0 = Debug|Any CPU
		{12A59F51-6655-49D7-BE95-F3E86A173979}.Release|Any CPU.ActiveCfg = Release|Any CPU
		{12A59F51-6655-49D7-BE95-F3E86A173979}.Release|Any CPU.Build.0 = Release|Any CPU
		{F195BF00-A88E-4DCF-B792-6B8DD1284B01}.Debug|Any CPU.ActiveCfg = Debug|Any CPU
		{F195BF00-A88E-4DCF-B792-6B8DD1284B01}.Debug|Any CPU.Build.0 = Debug|Any CPU
		{F195BF00-A88E-4DCF-B792-6B8DD1284B01}.Release|Any CPU.ActiveCfg = Release|Any CPU
		{F195BF00-A88E-4DCF-B792-6B8DD1284B01}.Release|Any CPU.Build.0 = Release|Any CPU
		{EA4F2E51-B964-4902-98BB-5D790511764C}.Debug|Any CPU.ActiveCfg = Debug|Any CPU
		{EA4F2E51-B964-4902-98BB-5D790511764C}.Debug|Any CPU.Build.0 = Debug|Any CPU
		{EA4F2E51-B964-4902-98BB-5D790511764C}.Release|Any CPU.ActiveCfg = Release|Any CPU
		{EA4F2E51-B964-4902-98BB-5D790511764C}.Release|Any CPU.Build.0 = Release|Any CPU
		{863BABF0-F364-43AC-BB44-07D190AA911E}.Debug|Any CPU.ActiveCfg = Debug|Any CPU
		{863BABF0-F364-43AC-BB44-07D190AA911E}.Debug|Any CPU.Build.0 = Debug|Any CPU
		{863BABF0-F364-43AC-BB44-07D190AA911E}.Release|Any CPU.ActiveCfg = Release|Any CPU
		{863BABF0-F364-43AC-BB44-07D190AA911E}.Release|Any CPU.Build.0 = Release|Any CPU
		{B12C330F-0945-4774-A7F6-D290C02AF662}.Debug|Any CPU.ActiveCfg = Debug|Any CPU
		{B12C330F-0945-4774-A7F6-D290C02AF662}.Debug|Any CPU.Build.0 = Debug|Any CPU
		{B12C330F-0945-4774-A7F6-D290C02AF662}.Release|Any CPU.ActiveCfg = Release|Any CPU
		{B12C330F-0945-4774-A7F6-D290C02AF662}.Release|Any CPU.Build.0 = Release|Any CPU
		{2953EDAB-AC10-4292-B90C-8D7BBFA7F56F}.Debug|Any CPU.ActiveCfg = Debug|Any CPU
		{2953EDAB-AC10-4292-B90C-8D7BBFA7F56F}.Debug|Any CPU.Build.0 = Debug|Any CPU
		{2953EDAB-AC10-4292-B90C-8D7BBFA7F56F}.Release|Any CPU.ActiveCfg = Release|Any CPU
		{2953EDAB-AC10-4292-B90C-8D7BBFA7F56F}.Release|Any CPU.Build.0 = Release|Any CPU
	EndGlobalSection
	GlobalSection(SolutionProperties) = preSolution
		HideSolutionNode = FALSE
	EndGlobalSection
	GlobalSection(ExtensibilityGlobals) = postSolution
		SolutionGuid = {4EADF117-D5F4-445A-AEF2-1C8280F76974}
	EndGlobalSection
EndGlobal
